
Microsoft Visual Studio Solution File, Format Version 12.00
# Visual Studio 15
VisualStudioVersion = 15.0.25807.0
MinimumVisualStudioVersion = 10.0.40219.1
Project("{2150E333-8FDC-42A3-9474-1A3956D46DE8}") = "Engine", "Engine", "{1C7D1416-2DB2-49EE-B168-14A7A551623B}"
EndProject
Project("{2150E333-8FDC-42A3-9474-1A3956D46DE8}") = "Games", "Games", "{A8B872E0-9F48-4B8B-A2E9-60F1EC641D5E}"
EndProject
Project("{8BC9CEB8-8B4A-11D0-8D11-00A0C91BC942}") = "Synopticon", "Intermediate\ProjectFiles\Synopticon.vcxproj", "{571DF001-2942-4F8C-9827-ED6369747905}"
EndProject
Project("{8BC9CEB8-8B4A-11D0-8D11-00A0C91BC942}") = "UE4", "Intermediate\ProjectFiles\UE4.vcxproj", "{48B7AC30-F506-465B-90AC-068A7EB41D1A}"
EndProject
Project("{2150E333-8FDC-42A3-9474-1A3956D46DE8}") = "Visualizers", "Visualizers", "{DB3DAD0F-C6DB-4DA8-9522-42383314801D}"
	ProjectSection(SolutionItems) = preProject
		..\..\..\..\Program Files\Epic Games\UE_4.24\Engine\Extras\VisualStudioDebugging\UE4.natvis = ..\..\..\..\Program Files\Epic Games\UE_4.24\Engine\Extras\VisualStudioDebugging\UE4.natvis
	EndProjectSection
EndProject
Global
	GlobalSection(SolutionConfigurationPlatforms) = preSolution
		DebugGame Editor|Win32 = DebugGame Editor|Win32
		DebugGame Editor|Win64 = DebugGame Editor|Win64
		DebugGame|Win32 = DebugGame|Win32
		DebugGame|Win64 = DebugGame|Win64
		Development Editor|Win32 = Development Editor|Win32
		Development Editor|Win64 = Development Editor|Win64
		Development|Win32 = Development|Win32
		Development|Win64 = Development|Win64
		Shipping|Win32 = Shipping|Win32
		Shipping|Win64 = Shipping|Win64
	EndGlobalSection
	GlobalSection(ProjectConfigurationPlatforms) = postSolution
		{571DF001-2942-4F8C-9827-ED6369747905}.DebugGame Editor|Win32.ActiveCfg = Invalid|Win32
		{571DF001-2942-4F8C-9827-ED6369747905}.DebugGame Editor|Win64.ActiveCfg = DebugGame_Editor|x64
		{571DF001-2942-4F8C-9827-ED6369747905}.DebugGame Editor|Win64.Build.0 = DebugGame_Editor|x64
		{571DF001-2942-4F8C-9827-ED6369747905}.DebugGame|Win32.ActiveCfg = DebugGame|Win32
		{571DF001-2942-4F8C-9827-ED6369747905}.DebugGame|Win32.Build.0 = DebugGame|Win32
		{571DF001-2942-4F8C-9827-ED6369747905}.DebugGame|Win64.ActiveCfg = DebugGame|x64
		{571DF001-2942-4F8C-9827-ED6369747905}.DebugGame|Win64.Build.0 = DebugGame|x64
		{571DF001-2942-4F8C-9827-ED6369747905}.Development Editor|Win32.ActiveCfg = Invalid|Win32
		{571DF001-2942-4F8C-9827-ED6369747905}.Development Editor|Win64.ActiveCfg = Development_Editor|x64
		{571DF001-2942-4F8C-9827-ED6369747905}.Development Editor|Win64.Build.0 = Development_Editor|x64
		{571DF001-2942-4F8C-9827-ED6369747905}.Development|Win32.ActiveCfg = Development|Win32
		{571DF001-2942-4F8C-9827-ED6369747905}.Development|Win32.Build.0 = Development|Win32
		{571DF001-2942-4F8C-9827-ED6369747905}.Development|Win64.ActiveCfg = Development|x64
		{571DF001-2942-4F8C-9827-ED6369747905}.Development|Win64.Build.0 = Development|x64
		{571DF001-2942-4F8C-9827-ED6369747905}.Shipping|Win32.ActiveCfg = Shipping|Win32
		{571DF001-2942-4F8C-9827-ED6369747905}.Shipping|Win32.Build.0 = Shipping|Win32
		{571DF001-2942-4F8C-9827-ED6369747905}.Shipping|Win64.ActiveCfg = Shipping|x64
		{571DF001-2942-4F8C-9827-ED6369747905}.Shipping|Win64.Build.0 = Shipping|x64
		{48B7AC30-F506-465B-90AC-068A7EB41D1A}.DebugGame Editor|Win32.ActiveCfg = BuiltWithUnrealBuildTool|Win32
		{48B7AC30-F506-465B-90AC-068A7EB41D1A}.DebugGame Editor|Win64.ActiveCfg = BuiltWithUnrealBuildTool|Win32
		{48B7AC30-F506-465B-90AC-068A7EB41D1A}.DebugGame|Win32.ActiveCfg = BuiltWithUnrealBuildTool|Win32
		{48B7AC30-F506-465B-90AC-068A7EB41D1A}.DebugGame|Win64.ActiveCfg = BuiltWithUnrealBuildTool|Win32
		{48B7AC30-F506-465B-90AC-068A7EB41D1A}.Development Editor|Win32.ActiveCfg = BuiltWithUnrealBuildTool|Win32
		{48B7AC30-F506-465B-90AC-068A7EB41D1A}.Development Editor|Win64.ActiveCfg = BuiltWithUnrealBuildTool|Win32
		{48B7AC30-F506-465B-90AC-068A7EB41D1A}.Development|Win32.ActiveCfg = BuiltWithUnrealBuildTool|Win32
		{48B7AC30-F506-465B-90AC-068A7EB41D1A}.Development|Win64.ActiveCfg = BuiltWithUnrealBuildTool|Win32
		{48B7AC30-F506-465B-90AC-068A7EB41D1A}.Shipping|Win32.ActiveCfg = BuiltWithUnrealBuildTool|Win32
		{48B7AC30-F506-465B-90AC-068A7EB41D1A}.Shipping|Win64.ActiveCfg = BuiltWithUnrealBuildTool|Win32
	EndGlobalSection
	GlobalSection(SolutionProperties) = preSolution
		HideSolutionNode = FALSE
	EndGlobalSection
	GlobalSection(NestedProjects) = preSolution
		{48B7AC30-F506-465B-90AC-068A7EB41D1A} = {1C7D1416-2DB2-49EE-B168-14A7A551623B}
		{571DF001-2942-4F8C-9827-ED6369747905} = {A8B872E0-9F48-4B8B-A2E9-60F1EC641D5E}
	EndGlobalSection
EndGlobal
